
Microsoft Visual Studio Solution File, Format Version 12.00
# Visual Studio Version 16
VisualStudioVersion = 16.0.32630.194
MinimumVisualStudioVersion = 10.0.40219.1
Project("{9A19103F-16F7-4668-BE54-9A1E7A4F7556}") = "Entities", "Entities\Entities.csproj", "{B6B85758-866E-4E16-BD0A-9B526A3B942C}"
EndProject
Project("{9A19103F-16F7-4668-BE54-9A1E7A4F7556}") = "DataAccess", "DataAccess\DataAccess.csproj", "{B0DC6EAD-6930-476D-B582-D2349CE69939}"
EndProject
Project("{9A19103F-16F7-4668-BE54-9A1E7A4F7556}") = "Business", "Business\Business.csproj", "{3E747910-DF2C-428E-A759-331B3F9C9464}"
EndProject
Project("{9A19103F-16F7-4668-BE54-9A1E7A4F7556}") = "TestUI", "TestUI\TestUI.csproj", "{2F0C17E1-B99A-4756-A922-FE9F51FEBE72}"
EndProject
Project("{9A19103F-16F7-4668-BE54-9A1E7A4F7556}") = "Core", "Core\Core.csproj", "{16351570-04D9-43D9-8752-49CD0FAC895C}"
EndProject
Project("{FAE04EC0-301F-11D3-BF4B-00C04F79EFBC}") = "WebAPI", "WebAPI\WebAPI.csproj", "{7671F80D-1F75-473B-A1DE-4AB5F5A34EF8}"
EndProject
Global
	GlobalSection(SolutionConfigurationPlatforms) = preSolution
		Debug|Any CPU = Debug|Any CPU
		Release|Any CPU = Release|Any CPU
	EndGlobalSection
	GlobalSection(ProjectConfigurationPlatforms) = postSolution
		{B6B85758-866E-4E16-BD0A-9B526A3B942C}.Debug|Any CPU.ActiveCfg = Debug|Any CPU
		{B6B85758-866E-4E16-BD0A-9B526A3B942C}.Debug|Any CPU.Build.0 = Debug|Any CPU
		{B6B85758-866E-4E16-BD0A-9B526A3B942C}.Release|Any CPU.ActiveCfg = Release|Any CPU
		{B6B85758-866E-4E16-BD0A-9B526A3B942C}.Release|Any CPU.Build.0 = Release|Any CPU
		{B0DC6EAD-6930-476D-B582-D2349CE69939}.Debug|Any CPU.ActiveCfg = Debug|Any CPU
		{B0DC6EAD-6930-476D-B582-D2349CE69939}.Debug|Any CPU.Build.0 = Debug|Any CPU
		{B0DC6EAD-6930-476D-B582-D2349CE69939}.Release|Any CPU.ActiveCfg = Release|Any CPU
		{B0DC6EAD-6930-476D-B582-D2349CE69939}.Release|Any CPU.Build.0 = Release|Any CPU
		{3E747910-DF2C-428E-A759-331B3F9C9464}.Debug|Any CPU.ActiveCfg = Debug|Any CPU
		{3E747910-DF2C-428E-A759-331B3F9C9464}.Debug|Any CPU.Build.0 = Debug|Any CPU
		{3E747910-DF2C-428E-A759-331B3F9C9464}.Release|Any CPU.ActiveCfg = Release|Any CPU
		{3E747910-DF2C-428E-A759-331B3F9C9464}.Release|Any CPU.Build.0 = Release|Any CPU
		{2F0C17E1-B99A-4756-A922-FE9F51FEBE72}.Debug|Any CPU.ActiveCfg = Debug|Any CPU
		{2F0C17E1-B99A-4756-A922-FE9F51FEBE72}.Debug|Any CPU.Build.0 = Debug|Any CPU
		{2F0C17E1-B99A-4756-A922-FE9F51FEBE72}.Release|Any CPU.ActiveCfg = Release|Any CPU
		{2F0C17E1-B99A-4756-A922-FE9F51FEBE72}.Release|Any CPU.Build.0 = Release|Any CPU
		{16351570-04D9-43D9-8752-49CD0FAC895C}.Debug|Any CPU.ActiveCfg = Debug|Any CPU
		{16351570-04D9-43D9-8752-49CD0FAC895C}.Debug|Any CPU.Build.0 = Debug|Any CPU
		{16351570-04D9-43D9-8752-49CD0FAC895C}.Release|Any CPU.ActiveCfg = Release|Any CPU
		{16351570-04D9-43D9-8752-49CD0FAC895C}.Release|Any CPU.Build.0 = Release|Any CPU
		{7671F80D-1F75-473B-A1DE-4AB5F5A34EF8}.Debug|Any CPU.ActiveCfg = Debug|Any CPU
		{7671F80D-1F75-473B-A1DE-4AB5F5A34EF8}.Debug|Any CPU.Build.0 = Debug|Any CPU
		{7671F80D-1F75-473B-A1DE-4AB5F5A34EF8}.Release|Any CPU.ActiveCfg = Release|Any CPU
		{7671F80D-1F75-473B-A1DE-4AB5F5A34EF8}.Release|Any CPU.Build.0 = Release|Any CPU
	EndGlobalSection
	GlobalSection(SolutionProperties) = preSolution
		HideSolutionNode = FALSE
	EndGlobalSection
	GlobalSection(ExtensibilityGlobals) = postSolution
		SolutionGuid = {776199A9-82AD-4DAB-8590-B23C3FAABDD9}
	EndGlobalSection
EndGlobal
